PODS:
  - Apollo (1.9.3):
    - Apollo/Core (= 1.9.3)
  - Apollo/Core (1.9.3)
  - Told (1.2.6):
    - Apollo (~> 1.9.3)

DEPENDENCIES:
  - Told (from `../`)

SPEC REPOS:
  trunk:
    - Apollo

EXTERNAL SOURCES:
  Told:
    :path: "../"

SPEC CHECKSUMS:
  Apollo: b339a44b439f6b64208eb8761a0336813287a903
  Told: 0908734af62002dd615eddc8a71596307cfadb1e

PODFILE CHECKSUM: 6fecf612fac5e8b6eb51f6c940356dd90d7f4b24

COCOAPODS: 1.16.2
