PODS:
  - Apollo (1.9.0):
    - Apollo/Core (= 1.9.0)
  - Apollo/Core (1.9.0)
  - Told (1.2.1):
    - Apollo (~> 1.9.0)

DEPENDENCIES:
  - Told (from `../`)

SPEC REPOS:
  trunk:
    - Apollo

EXTERNAL SOURCES:
  Told:
    :path: "../"

SPEC CHECKSUMS:
  Apollo: b917452d3e05452c080e18cdb8ad45a74d484979
  Told: 5939d8a98eab22422d90b3154fd8004a3c2cb486

PODFILE CHECKSUM: 6fecf612fac5e8b6eb51f6c940356dd90d7f4b24

COCOAPODS: 1.15.2
