PODS:
  - Apollo (1.1.3):
    - Apollo/Core (= 1.1.3)
  - Apollo/Core (1.1.3)
  - ToldSDK (0.1.0):
    - Apollo (~> 1.1.3)

DEPENDENCIES:
  - ToldSDK (from `../`)

SPEC REPOS:
  trunk:
    - Apollo

EXTERNAL SOURCES:
  ToldSDK:
    :path: "../"

SPEC CHECKSUMS:
  Apollo: 557761ba1b5a0f8dbeaaa90d9ef8e6ee998fdc30
  ToldSDK: 8ab644aeef57b1bc4c28368a5c06f188d78ce2c2

PODFILE CHECKSUM: 0192f5bc7f0c9a88ffb79cd47bc4b9209477d681

COCOAPODS: 1.12.1
